dependencies:
- name: alertmanager
  repository: oci://ghcr.io/prometheus-community/charts
  version: 1.43.3
- name: kube-state-metrics
  repository: oci://ghcr.io/prometheus-community/charts
  version: 8.5.0
- name: prometheus-node-exporter
  repository: oci://ghcr.io/prometheus-community/charts
  version: 4.57.0
- name: prometheus-pushgateway
  repository: oci://ghcr.io/prometheus-community/charts
  version: 3.8.0
digest: sha256:9e3997c4e9487b6c031a2db0cc9453336b940a56a0468bbe0f50b9194dc51726
generated: "2026-09-18T18:59:31.47906969Z"
